
Microsoft Visual Studio Solution File, Format Version 12.00
# Visual Studio Version 17
VisualStudioVersion = 17.13.35825.156 d17.13
MinimumVisualStudioVersion = 10.0.40219.1
Project("{FAE04EC0-301F-11D3-BF4B-00C04F79EFBC}") = "YazılımProjesi", "YazılımProjesi\YazılımProjesi.csproj", "{59D62F1A-3951-49C2-BC8B-0A70C8C078E2}"
EndProject
Global
	GlobalSection(SolutionConfigurationPlatforms) = preSolution
		Debug|Any CPU = Debug|Any CPU
		Release|Any CPU = Release|Any CPU
	EndGlobalSection
	GlobalSection(ProjectConfigurationPlatforms) = postSolution
		{59D62F1A-3951-49C2-BC8B-0A70C8C078E2}.Debug|Any CPU.ActiveCfg = Debug|Any CPU
		{59D62F1A-3951-49C2-BC8B-0A70C8C078E2}.Debug|Any CPU.Build.0 = Debug|Any CPU
		{59D62F1A-3951-49C2-BC8B-0A70C8C078E2}.Release|Any CPU.ActiveCfg = Release|Any CPU
		{59D62F1A-3951-49C2-BC8B-0A70C8C078E2}.Release|Any CPU.Build.0 = Release|Any CPU
	EndGlobalSection
	GlobalSection(SolutionProperties) = preSolution
		HideSolutionNode = FALSE
	EndGlobalSection
	GlobalSection(ExtensibilityGlobals) = postSolution
		SolutionGuid = {181B749C-7376-4CA6-AF5C-ABF1F87B8730}
	EndGlobalSection
EndGlobal
